// !$*UTF8*$!
{
	archiveVersion = 1;
	classes = {
	};
	objectVersion = 55;
	objects = {

/* Begin PBXBuildFile section */
		694CA05028BE184100820B97 /* SomeView.swift in Sources */ = {isa = PBXBuildFile; fileRef = 694CA04F28BE184100820B97 /* SomeView.swift */; };
		694CA05228BE186C00820B97 /* SomeModel.swift in Sources */ = {isa = PBXBuildFile; fileRef = 694CA05128BE186C00820B97 /* SomeModel.swift */; };
		69CEBCB728BE0DEB0072744C /* AppDelegate.swift in Sources */ = {isa = PBXBuildFile; fileRef = 69CEBCB628BE0DEB0072744C /* AppDelegate.swift */; };
		69CEBCBB28BE0DEB0072744C /* SomeController.swift in Sources */ = {isa = PBXBuildFile; fileRef = 69CEBCBA28BE0DEB0072744C /* SomeController.swift */; };
		69FC320328C49D3400648938 /* SomeService.swift in Sources */ = {isa = PBXBuildFile; fileRef = 69FC320228C49D3400648938 /* SomeService.swift */; };
		69FC320928C4C6BC00648938 /* README.md in Resources */ = {isa = PBXBuildFile; fileRef = 69FC320828C4C6BC00648938 /* README.md */; };
		69FC320F28C4CCFB00648938 /* MVC.png in Resources */ = {isa = PBXBuildFile; fileRef = 69FC320E28C4CCFB00648938 /* MVC.png */; };
/* End PBXBuildFile section */

/* Begin PBXFileReference section */
		694CA04F28BE184100820B97 /* SomeView.swift */ = {isa = PBXFileReference; lastKnownFileType = sourcecode.swift; path = SomeView.swift; sourceTree = "<group>"; };
		694CA05128BE186C00820B97 /* SomeModel.swift */ = {isa = PBXFileReference; lastKnownFileType = sourcecode.swift; path = SomeModel.swift; sourceTree = "<group>"; };
		69CEBCB328BE0DEB0072744C /* SimpleMVCExample.app */ = {isa = PBXFileReference; explicitFileType = wrapper.application; includeInIndex = 0; path = SimpleMVCExample.app; sourceTree = BUILT_PRODUCTS_DIR; };
		69CEBCB628BE0DEB0072744C /* AppDelegate.swift */ = {isa = PBXFileReference; lastKnownFileType = sourcecode.swift; path = AppDelegate.swift; sourceTree = "<group>"; };
		69CEBCBA28BE0DEB0072744C /* SomeController.swift */ = {isa = PBXFileReference; lastKnownFileType = sourcecode.swift; path = SomeController.swift; sourceTree = "<group>"; };
		69CEBCC428BE0DED0072744C /* Info.plist */ = {isa = PBXFileReference; lastKnownFileType = text.plist.xml; path = Info.plist; sourceTree = "<group>"; };
		69FC320228C49D3400648938 /* SomeService.swift */ = {isa = PBXFileReference; lastKnownFileType = sourcecode.swift; path = SomeService.swift; sourceTree = "<group>"; };
		69FC320828C4C6BC00648938 /* README.md */ = {isa = PBXFileReference; fileEncoding = 4; lastKnownFileType = net.daringfireball.markdown; path = README.md; sourceTree = "<group>"; };
		69FC320E28C4CCFB00648938 /* MVC.png */ = {isa = PBXFileReference; lastKnownFileType = image.png; path = MVC.png; sourceTree = "<group>"; };
/* End PBXFileReference section */

/* Begin PBXFrameworksBuildPhase section */
		69CEBCB028BE0DEB0072744C /* Frameworks */ = {
			isa = PBXFrameworksBuildPhase;
			buildActionMask = 2147483647;
			files = (
			);
			runOnlyForDeploymentPostprocessing = 0;
		};
/* End PBXFrameworksBuildPhase section */

/* Begin PBXGroup section */
		69CEBCAA28BE0DEB0072744C = {
			isa = PBXGroup;
			children = (
				69FC320828C4C6BC00648938 /* README.md */,
				69FC320E28C4CCFB00648938 /* MVC.png */,
				69CEBCB528BE0DEB0072744C /* SimpleMVCExample */,
				69CEBCB428BE0DEB0072744C /* Products */,
			);
			sourceTree = "<group>";
		};
		69CEBCB428BE0DEB0072744C /* Products */ = {
			isa = PBXGroup;
			children = (
				69CEBCB328BE0DEB0072744C /* SimpleMVCExample.app */,
			);
			name = Products;
			sourceTree = "<group>";
		};
		69CEBCB528BE0DEB0072744C /* SimpleMVCExample */ = {
			isa = PBXGroup;
			children = (
				69CEBCB628BE0DEB0072744C /* AppDelegate.swift */,
				69FC320428C49D6800648938 /* Scenes */,
				69FC320528C49D9800648938 /* Services */,
				69CEBCC428BE0DED0072744C /* Info.plist */,
			);
			path = SimpleMVCExample;
			sourceTree = "<group>";
		};
		69FC320428C49D6800648938 /* Scenes */ = {
			isa = PBXGroup;
			children = (
				69FC320728C4A1B800648938 /* SomeScene */,
			);
			path = Scenes;
			sourceTree = "<group>";
		};
		69FC320528C49D9800648938 /* Services */ = {
			isa = PBXGroup;
			children = (
				69FC320228C49D3400648938 /* SomeService.swift */,
			);
			path = Services;
			sourceTree = "<group>";
		};
		69FC320728C4A1B800648938 /* SomeScene */ = {
			isa = PBXGroup;
			children = (
				694CA05128BE186C00820B97 /* SomeModel.swift */,
				694CA04F28BE184100820B97 /* SomeView.swift */,
				69CEBCBA28BE0DEB0072744C /* SomeController.swift */,
			);
			path = SomeScene;
			sourceTree = "<group>";
		};
/* End PBXGroup section */

/* Begin PBXNativeTarget section */
		69CEBCB228BE0DEB0072744C /* SimpleMVCExample */ = {
			isa = PBXNativeTarget;
			buildConfigurationList = 69CEBCC728BE0DED0072744C /* Build configuration list for PBXNativeTarget "SimpleMVCExample" */;
			buildPhases = (
				69CEBCAF28BE0DEB0072744C /* Sources */,
				69CEBCB028BE0DEB0072744C /* Frameworks */,
				69CEBCB128BE0DEB0072744C /* Resources */,
			);
			buildRules = (
			);
			dependencies = (
			);
			name = SimpleMVCExample;
			productName = SimpleMVCExample;
			productReference = 69CEBCB328BE0DEB0072744C /* SimpleMVCExample.app */;
			productType = "com.apple.product-type.application";
		};
/* End PBXNativeTarget section */

/* Begin PBXProject section */
		69CEBCAB28BE0DEB0072744C /* Project object */ = {
			isa = PBXProject;
			attributes = {
				BuildIndependentTargetsInParallel = 1;
				LastSwiftUpdateCheck = 1340;
				LastUpgradeCheck = 1340;
				TargetAttributes = {
					69CEBCB228BE0DEB0072744C = {
						CreatedOnToolsVersion = 13.4.1;
					};
				};
			};
			buildConfigurationList = 69CEBCAE28BE0DEB0072744C /* Build configuration list for PBXProject "SimpleMVCExample" */;
			compatibilityVersion = "Xcode 13.0";
			developmentRegion = en;
			hasScannedForEncodings = 0;
			knownRegions = (
				en,
				Base,
			);
			mainGroup = 69CEBCAA28BE0DEB0072744C;
			productRefGroup = 69CEBCB428BE0DEB0072744C /* Products */;
			projectDirPath = "";
			projectRoot = "";
			targets = (
				69CEBCB228BE0DEB0072744C /* SimpleMVCExample */,
			);
		};
/* End PBXProject section */

/* Begin PBXResourcesBuildPhase section */
		69CEBCB128BE0DEB0072744C /* Resources */ = {
			isa = PBXResourcesBuildPhase;
			buildActionMask = 2147483647;
			files = (
				69FC320F28C4CCFB00648938 /* MVC.png in Resources */,
				69FC320928C4C6BC00648938 /* README.md in Resources */,
			);
			runOnlyForDeploymentPostprocessing = 0;
		};
/* End PBXResourcesBuildPhase section */

/* Begin PBXSourcesBuildPhase section */
		69CEBCAF28BE0DEB0072744C /* Sources */ = {
			isa = PBXSourcesBuildPhase;
			buildActionMask = 2147483647;
			files = (
				69CEBCBB28BE0DEB0072744C /* SomeController.swift in Sources */,
				69CEBCB728BE0DEB0072744C /* AppDelegate.swift in Sources */,
				694CA05028BE184100820B97 /* SomeView.swift in Sources */,
				694CA05228BE186C00820B97 /* SomeModel.swift in Sources */,
				69FC320328C49D3400648938 /* SomeService.swift in Sources */,
			);
			runOnlyForDeploymentPostprocessing = 0;
		};
/* End PBXSourcesBuildPhase section */

/* Begin XCBuildConfiguration section */
		69CEBCC528BE0DED0072744C /* Debug */ = {
			isa = XCBuildConfiguration;
			buildSettings = {
				ALWAYS_SEARCH_USER_PATHS = NO;
				CLANG_ANALYZER_NONNULL = YES;
				CLANG_ANALYZER_NUMBER_OBJECT_CONVERSION = YES_AGGRESSIVE;
				CLANG_CXX_LANGUAGE_STANDARD = "gnu++17";
				CLANG_ENABLE_MODULES = YES;
				CLANG_ENABLE_OBJC_ARC = YES;
				CLANG_ENABLE_OBJC_WEAK = YES;
				CLANG_WARN_BLOCK_CAPTURE_AUTORELEASING = YES;
				CLANG_WARN_BOOL_CONVERSION = YES;
				CLANG_WARN_COMMA = YES;
				CLANG_WARN_CONSTANT_CONVERSION = YES;
				CLANG_WARN_DEPRECATED_OBJC_IMPLEMENTATIONS = YES;
				CLANG_WARN_DIRECT_OBJC_ISA_USAGE = YES_ERROR;
				CLANG_WARN_DOCUMENTATION_COMMENTS = YES;
				CLANG_WARN_EMPTY_BODY = YES;
				CLANG_WARN_ENUM_CONVERSION = YES;
				CLANG_WARN_INFINITE_RECURSION = YES;
				CLANG_WARN_INT_CONVERSION = YES;
				CLANG_WARN_NON_LITERAL_NULL_CONVERSION = YES;
				CLANG_WARN_OBJC_IMPLICIT_RETAIN_SELF = YES;
				CLANG_WARN_OBJC_LITERAL_CONVERSION = YES;
				CLANG_WARN_OBJC_ROOT_CLASS = YES_ERROR;
				CLANG_WARN_QUOTED_INCLUDE_IN_FRAMEWORK_HEADER = YES;
				CLANG_WARN_RANGE_LOOP_ANALYSIS = YES;
				CLANG_WARN_STRICT_PROTOTYPES = YES;
				CLANG_WARN_SUSPICIOUS_MOVE = YES;
				CLANG_WARN_UNGUARDED_AVAILABILITY = YES_AGGRESSIVE;
				CLANG_WARN_UNREACHABLE_CODE = YES;
				CLANG_WARN__DUPLICATE_METHOD_MATCH = YES;
				COPY_PHASE_STRIP = NO;
				DEBUG_INFORMATION_FORMAT = dwarf;
				ENABLE_STRICT_OBJC_MSGSEND = YES;
				ENABLE_TESTABILITY = YES;
				GCC_C_LANGUAGE_STANDARD = gnu11;
				GCC_DYNAMIC_NO_PIC = NO;
				GCC_NO_COMMON_BLOCKS = YES;
				GCC_OPTIMIZATION_LEVEL = 0;
				GCC_PREPROCESSOR_DEFINITIONS = (
					"DEBUG=1",
					"$(inherited)",
				);
				GCC_WARN_64_TO_32_BIT_CONVERSION = YES;
				GCC_WARN_ABOUT_RETURN_TYPE = YES_ERROR;
				GCC_WARN_UNDECLARED_SELECTOR = YES;
				GCC_WARN_UNINITIALIZED_AUTOS = YES_AGGRESSIVE;
				GCC_WARN_UNUSED_FUNCTION = YES;
				GCC_WARN_UNUSED_VARIABLE = YES;
				IPHONEOS_DEPLOYMENT_TARGET = 15.5;
				MTL_ENABLE_DEBUG_INFO = INCLUDE_SOURCE;
				MTL_FAST_MATH = YES;
				ONLY_ACTIVE_ARCH = YES;
				SDKROOT = iphoneos;
				SWIFT_ACTIVE_COMPILATION_CONDITIONS = DEBUG;
				SWIFT_OPTIMIZATION_LEVEL = "-Onone";
			};
			name = Debug;
		};
		69CEBCC628BE0DED0072744C /* Release */ = {
			isa = XCBuildConfiguration;
			buildSettings = {
				ALWAYS_SEARCH_USER_PATHS = NO;
				CLANG_ANALYZER_NONNULL = YES;
				CLANG_ANALYZER_NUMBER_OBJECT_CONVERSION = YES_AGGRESSIVE;
				CLANG_CXX_LANGUAGE_STANDARD = "gnu++17";
				CLANG_ENABLE_MODULES = YES;
				CLANG_ENABLE_OBJC_ARC = YES;
				CLANG_ENABLE_OBJC_WEAK = YES;
				CLANG_WARN_BLOCK_CAPTURE_AUTORELEASING = YES;
				CLANG_WARN_BOOL_CONVERSION = YES;
				CLANG_WARN_COMMA = YES;
				CLANG_WARN_CONSTANT_CONVERSION = YES;
				CLANG_WARN_DEPRECATED_OBJC_IMPLEMENTATIONS = YES;
				CLANG_WARN_DIRECT_OBJC_ISA_USAGE = YES_ERROR;
				CLANG_WARN_DOCUMENTATION_COMMENTS = YES;
				CLANG_WARN_EMPTY_BODY = YES;
				CLANG_WARN_ENUM_CONVERSION = YES;
				CLANG_WARN_INFINITE_RECURSION = YES;
				CLANG_WARN_INT_CONVERSION = YES;
				CLANG_WARN_NON_LITERAL_NULL_CONVERSION = YES;
				CLANG_WARN_OBJC_IMPLICIT_RETAIN_SELF = YES;
				CLANG_WARN_OBJC_LITERAL_CONVERSION = YES;
				CLANG_WARN_OBJC_ROOT_CLASS = YES_ERROR;
				CLANG_WARN_QUOTED_INCLUDE_IN_FRAMEWORK_HEADER = YES;
				CLANG_WARN_RANGE_LOOP_ANALYSIS = YES;
				CLANG_WARN_STRICT_PROTOTYPES = YES;
				CLANG_WARN_SUSPICIOUS_MOVE = YES;
				CLANG_WARN_UNGUARDED_AVAILABILITY = YES_AGGRESSIVE;
				CLANG_WARN_UNREACHABLE_CODE = YES;
				CLANG_WARN__DUPLICATE_METHOD_MATCH = YES;
				COPY_PHASE_STRIP = NO;
				DEBUG_INFORMATION_FORMAT = "dwarf-with-dsym";
				ENABLE_NS_ASSERTIONS = NO;
				ENABLE_STRICT_OBJC_MSGSEND = YES;
				GCC_C_LANGUAGE_STANDARD = gnu11;
				GCC_NO_COMMON_BLOCKS = YES;
				GCC_WARN_64_TO_32_BIT_CONVERSION = YES;
				GCC_WARN_ABOUT_RETURN_TYPE = YES_ERROR;
				GCC_WARN_UNDECLARED_SELECTOR = YES;
				GCC_WARN_UNINITIALIZED_AUTOS = YES_AGGRESSIVE;
				GCC_WARN_UNUSED_FUNCTION = YES;
				GCC_WARN_UNUSED_VARIABLE = YES;
				IPHONEOS_DEPLOYMENT_TARGET = 15.5;
				MTL_ENABLE_DEBUG_INFO = NO;
				MTL_FAST_MATH = YES;
				SDKROOT = iphoneos;
				SWIFT_COMPILATION_MODE = wholemodule;
				SWIFT_OPTIMIZATION_LEVEL = "-O";
				VALIDATE_PRODUCT = YES;
			};
			name = Release;
		};
		69CEBCC828BE0DED0072744C /* Debug */ = {
			isa = XCBuildConfiguration;
			buildSettings = {
				ASSETCATALOG_COMPILER_GLOBAL_ACCENT_COLOR_NAME = AccentColor;
				CODE_SIGN_STYLE = Automatic;
				CURRENT_PROJECT_VERSION = 1;
				GENERATE_INFOPLIST_FILE = YES;
				INFOPLIST_FILE = SimpleMVCExample/Info.plist;
				INFOPLIST_KEY_UIApplicationSupportsIndirectInputEvents = YES;
				INFOPLIST_KEY_UISupportedInterfaceOrientations = UIInterfaceOrientationPortrait;
				INFOPLIST_KEY_UISupportedInterfaceOrientations_iPad = "UIInterfaceOrientationPortrait UIInterfaceOrientationPortraitUpsideDown UIInterfaceOrientationLandscapeLeft UIInterfaceOrientationLandscapeRight";
				INFOPLIST_KEY_UISupportedInterfaceOrientations_iPhone = "UIInterfaceOrientationPortrait UIInterfaceOrientationLandscapeLeft UIInterfaceOrientationLandscapeRight";
				LD_RUNPATH_SEARCH_PATHS = (
					"$(inherited)",
					"@executable_path/Frameworks",
				);
				MARKETING_VERSION = 1.0;
				PRODUCT_BUNDLE_IDENTIFIER = com.yurykudrovsky.SimpleMVCExample;
				PRODUCT_NAME = "$(TARGET_NAME)";
				SWIFT_EMIT_LOC_STRINGS = YES;
				SWIFT_VERSION = 5.0;
				TARGETED_DEVICE_FAMILY = 1;
			};
			name = Debug;
		};
		69CEBCC928BE0DED0072744C /* Release */ = {
			isa = XCBuildConfiguration;
			buildSettings = {
				ASSETCATALOG_COMPILER_GLOBAL_ACCENT_COLOR_NAME = AccentColor;
				CODE_SIGN_STYLE = Automatic;
				CURRENT_PROJECT_VERSION = 1;
				GENERATE_INFOPLIST_FILE = YES;
				INFOPLIST_FILE = SimpleMVCExample/Info.plist;
				INFOPLIST_KEY_UIApplicationSupportsIndirectInputEvents = YES;
				INFOPLIST_KEY_UISupportedInterfaceOrientations = UIInterfaceOrientationPortrait;
				INFOPLIST_KEY_UISupportedInterfaceOrientations_iPad = "UIInterfaceOrientationPortrait UIInterfaceOrientationPortraitUpsideDown UIInterfaceOrientationLandscapeLeft UIInterfaceOrientationLandscapeRight";
				INFOPLIST_KEY_UISupportedInterfaceOrientations_iPhone = "UIInterfaceOrientationPortrait UIInterfaceOrientationLandscapeLeft UIInterfaceOrientationLandscapeRight";
				LD_RUNPATH_SEARCH_PATHS = (
					"$(inherited)",
					"@executable_path/Frameworks",
				);
				MARKETING_VERSION = 1.0;
				PRODUCT_BUNDLE_IDENTIFIER = com.yurykudrovsky.SimpleMVCExample;
				PRODUCT_NAME = "$(TARGET_NAME)";
				SWIFT_EMIT_LOC_STRINGS = YES;
				SWIFT_VERSION = 5.0;
				TARGETED_DEVICE_FAMILY = 1;
			};
			name = Release;
		};
/* End XCBuildConfiguration section */

/* Begin XCConfigurationList section */
		69CEBCAE28BE0DEB0072744C /* Build configuration list for PBXProject "SimpleMVCExample" */ = {
			isa = XCConfigurationList;
			buildConfigurations = (
				69CEBCC528BE0DED0072744C /* Debug */,
				69CEBCC628BE0DED0072744C /* Release */,
			);
			defaultConfigurationIsVisible = 0;
			defaultConfigurationName = Release;
		};
		69CEBCC728BE0DED0072744C /* Build configuration list for PBXNativeTarget "SimpleMVCExample" */ = {
			isa = XCConfigurationList;
			buildConfigurations = (
				69CEBCC828BE0DED0072744C /* Debug */,
				69CEBCC928BE0DED0072744C /* Release */,
			);
			defaultConfigurationIsVisible = 0;
			defaultConfigurationName = Release;
		};
/* End XCConfigurationList section */
	};
	rootObject = 69CEBCAB28BE0DEB0072744C /* Project object */;
}
